
Microsoft Visual Studio Solution File, Format Version 12.00
# Visual Studio Version 17
VisualStudioVersion = 17.9.34622.214
MinimumVisualStudioVersion = 10.0.40219.1
Project("{FAE04EC0-301F-11D3-BF4B-00C04F79EFBC}") = "EntityFramework", "EntityFramework\EntityFramework.csproj", "{212856AC-C52E-4243-8ADE-597C3716E5C3}"
EndProject
Global
	GlobalSection(SolutionConfigurationPlatforms) = preSolution
		Debug|Any CPU = Debug|Any CPU
		Release|Any CPU = Release|Any CPU
	EndGlobalSection
	GlobalSection(ProjectConfigurationPlatforms) = postSolution
		{212856AC-C52E-4243-8ADE-597C3716E5C3}.Debug|Any CPU.ActiveCfg = Debug|Any CPU
		{212856AC-C52E-4243-8ADE-597C3716E5C3}.Debug|Any CPU.Build.0 = Debug|Any CPU
		{212856AC-C52E-4243-8ADE-597C3716E5C3}.Release|Any CPU.ActiveCfg = Release|Any CPU
		{212856AC-C52E-4243-8ADE-597C3716E5C3}.Release|Any CPU.Build.0 = Release|Any CPU
	EndGlobalSection
	GlobalSection(SolutionProperties) = preSolution
		HideSolutionNode = FALSE
	EndGlobalSection
	GlobalSection(ExtensibilityGlobals) = postSolution
		SolutionGuid = {4F4FEA04-5059-410C-AA1D-7EFE8BA3CF88}
	EndGlobalSection
EndGlobal
